
Microsoft Visual Studio Solution File, Format Version 12.00
# Visual Studio Version 17
VisualStudioVersion = 17.9.34902.65
MinimumVisualStudioVersion = 10.0.40219.1
Project("{FAE04EC0-301F-11D3-BF4B-00C04F79EFBC}") = "WinFormsApp2", "WinFormsApp2\WinFormsApp2.csproj", "{2E8EF332-B51A-4FC6-BDFB-0C37953FCC3B}"
EndProject
Global
	GlobalSection(SolutionConfigurationPlatforms) = preSolution
		Debug|Any CPU = Debug|Any CPU
		Release|Any CPU = Release|Any CPU
	EndGlobalSection
	GlobalSection(ProjectConfigurationPlatforms) = postSolution
		{2E8EF332-B51A-4FC6-BDFB-0C37953FCC3B}.Debug|Any CPU.ActiveCfg = Debug|Any CPU
		{2E8EF332-B51A-4FC6-BDFB-0C37953FCC3B}.Debug|Any CPU.Build.0 = Debug|Any CPU
		{2E8EF332-B51A-4FC6-BDFB-0C37953FCC3B}.Release|Any CPU.ActiveCfg = Release|Any CPU
		{2E8EF332-B51A-4FC6-BDFB-0C37953FCC3B}.Release|Any CPU.Build.0 = Release|Any CPU
	EndGlobalSection
	GlobalSection(SolutionProperties) = preSolution
		HideSolutionNode = FALSE
	EndGlobalSection
	GlobalSection(ExtensibilityGlobals) = postSolution
		SolutionGuid = {644438A9-9742-43C4-8C92-774E5F52F9F6}
	EndGlobalSection
EndGlobal
